
Microsoft Visual Studio Solution File, Format Version 12.00
Project("{FAE04EC0-301F-11D3-BF4B-00C04F79EFBC}") = "OnlineBank.UserService", "OnlineBank.UserService\OnlineBank.UserService.csproj", "{0B731FB9-985C-4965-ADAD-3D0F10FD7C99}"
EndProject
Project("{2150E333-8FDC-42A3-9474-1A3956D46DE8}") = "UserService", "UserService", "{57E377F4-739D-4EB6-8066-6CDFF27AE0DD}"
EndProject
Project("{FAE04EC0-301F-11D3-BF4B-00C04F79EFBC}") = "OnlineBank.UserService.BL", "OnlineBank.UserService.BL\OnlineBank.UserService.BL.csproj", "{C740DA8C-C82A-4724-AE15-8FE5E4F4415F}"
EndProject
Project("{FAE04EC0-301F-11D3-BF4B-00C04F79EFBC}") = "OnlineBank.UserService.DAL", "OnlineBank.UserService.DAL\OnlineBank.UserService.DAL.csproj", "{608EDCFC-3EF3-4797-BBFB-1A6363196B51}"
EndProject
Project("{FAE04EC0-301F-11D3-BF4B-00C04F79EFBC}") = "OnlineBank.UserService.Common", "OnlineBank.UserService.Common\OnlineBank.UserService.Common.csproj", "{C748ABED-ADC3-47E2-A69B-0DEE80D3FE44}"
EndProject
Project("{FAE04EC0-301F-11D3-BF4B-00C04F79EFBC}") = "Common", "Common\Common.csproj", "{69E6D5EF-F012-4E77-8D6D-0F3051948F9A}"
EndProject
Project("{2150E333-8FDC-42A3-9474-1A3956D46DE8}") = "LoanService", "LoanService", "{6D4CE622-D299-451B-B401-E03F30313878}"
EndProject
Project("{FAE04EC0-301F-11D3-BF4B-00C04F79EFBC}") = "OnlineBank.LoanService.DAL", "OnlineBank.LoanService.DAL\OnlineBank.LoanService.DAL.csproj", "{773CEA56-3605-4A5F-B047-6A68B1ADBD48}"
EndProject
Project("{FAE04EC0-301F-11D3-BF4B-00C04F79EFBC}") = "OnlineBank.LoanService.BL", "OnlineBank.LoanService.BL\OnlineBank.LoanService.BL.csproj", "{3DC787B5-636A-4834-A44C-7651356930E1}"
EndProject
Project("{FAE04EC0-301F-11D3-BF4B-00C04F79EFBC}") = "OnlineBank.LoanService.Common", "OnlineBank.LoanService.Common\OnlineBank.LoanService.Common.csproj", "{3EBF2B70-AE81-45B4-9C54-7FE39645019B}"
EndProject
Project("{FAE04EC0-301F-11D3-BF4B-00C04F79EFBC}") = "OnlineBank.LoanService", "OnlineBank.LoanService\OnlineBank.LoanService.csproj", "{5778336E-866A-4D3F-B5B7-5C35B11D034A}"
EndProject
Global
	GlobalSection(SolutionConfigurationPlatforms) = preSolution
		Debug|Any CPU = Debug|Any CPU
		Release|Any CPU = Release|Any CPU
	EndGlobalSection
	GlobalSection(ProjectConfigurationPlatforms) = postSolution
		{0B731FB9-985C-4965-ADAD-3D0F10FD7C99}.Debug|Any CPU.ActiveCfg = Debug|Any CPU
		{0B731FB9-985C-4965-ADAD-3D0F10FD7C99}.Debug|Any CPU.Build.0 = Debug|Any CPU
		{0B731FB9-985C-4965-ADAD-3D0F10FD7C99}.Release|Any CPU.ActiveCfg = Release|Any CPU
		{0B731FB9-985C-4965-ADAD-3D0F10FD7C99}.Release|Any CPU.Build.0 = Release|Any CPU
		{C740DA8C-C82A-4724-AE15-8FE5E4F4415F}.Debug|Any CPU.ActiveCfg = Debug|Any CPU
		{C740DA8C-C82A-4724-AE15-8FE5E4F4415F}.Debug|Any CPU.Build.0 = Debug|Any CPU
		{C740DA8C-C82A-4724-AE15-8FE5E4F4415F}.Release|Any CPU.ActiveCfg = Release|Any CPU
		{C740DA8C-C82A-4724-AE15-8FE5E4F4415F}.Release|Any CPU.Build.0 = Release|Any CPU
		{608EDCFC-3EF3-4797-BBFB-1A6363196B51}.Debug|Any CPU.ActiveCfg = Debug|Any CPU
		{608EDCFC-3EF3-4797-BBFB-1A6363196B51}.Debug|Any CPU.Build.0 = Debug|Any CPU
		{608EDCFC-3EF3-4797-BBFB-1A6363196B51}.Release|Any CPU.ActiveCfg = Release|Any CPU
		{608EDCFC-3EF3-4797-BBFB-1A6363196B51}.Release|Any CPU.Build.0 = Release|Any CPU
		{C748ABED-ADC3-47E2-A69B-0DEE80D3FE44}.Debug|Any CPU.ActiveCfg = Debug|Any CPU
		{C748ABED-ADC3-47E2-A69B-0DEE80D3FE44}.Debug|Any CPU.Build.0 = Debug|Any CPU
		{C748ABED-ADC3-47E2-A69B-0DEE80D3FE44}.Release|Any CPU.ActiveCfg = Release|Any CPU
		{C748ABED-ADC3-47E2-A69B-0DEE80D3FE44}.Release|Any CPU.Build.0 = Release|Any CPU
		{69E6D5EF-F012-4E77-8D6D-0F3051948F9A}.Debug|Any CPU.ActiveCfg = Debug|Any CPU
		{69E6D5EF-F012-4E77-8D6D-0F3051948F9A}.Debug|Any CPU.Build.0 = Debug|Any CPU
		{69E6D5EF-F012-4E77-8D6D-0F3051948F9A}.Release|Any CPU.ActiveCfg = Release|Any CPU
		{69E6D5EF-F012-4E77-8D6D-0F3051948F9A}.Release|Any CPU.Build.0 = Release|Any CPU
		{773CEA56-3605-4A5F-B047-6A68B1ADBD48}.Debug|Any CPU.ActiveCfg = Debug|Any CPU
		{773CEA56-3605-4A5F-B047-6A68B1ADBD48}.Debug|Any CPU.Build.0 = Debug|Any CPU
		{773CEA56-3605-4A5F-B047-6A68B1ADBD48}.Release|Any CPU.ActiveCfg = Release|Any CPU
		{773CEA56-3605-4A5F-B047-6A68B1ADBD48}.Release|Any CPU.Build.0 = Release|Any CPU
		{3DC787B5-636A-4834-A44C-7651356930E1}.Debug|Any CPU.ActiveCfg = Debug|Any CPU
		{3DC787B5-636A-4834-A44C-7651356930E1}.Debug|Any CPU.Build.0 = Debug|Any CPU
		{3DC787B5-636A-4834-A44C-7651356930E1}.Release|Any CPU.ActiveCfg = Release|Any CPU
		{3DC787B5-636A-4834-A44C-7651356930E1}.Release|Any CPU.Build.0 = Release|Any CPU
		{3EBF2B70-AE81-45B4-9C54-7FE39645019B}.Debug|Any CPU.ActiveCfg = Debug|Any CPU
		{3EBF2B70-AE81-45B4-9C54-7FE39645019B}.Debug|Any CPU.Build.0 = Debug|Any CPU
		{3EBF2B70-AE81-45B4-9C54-7FE39645019B}.Release|Any CPU.ActiveCfg = Release|Any CPU
		{3EBF2B70-AE81-45B4-9C54-7FE39645019B}.Release|Any CPU.Build.0 = Release|Any CPU
		{5778336E-866A-4D3F-B5B7-5C35B11D034A}.Debug|Any CPU.ActiveCfg = Debug|Any CPU
		{5778336E-866A-4D3F-B5B7-5C35B11D034A}.Debug|Any CPU.Build.0 = Debug|Any CPU
		{5778336E-866A-4D3F-B5B7-5C35B11D034A}.Release|Any CPU.ActiveCfg = Release|Any CPU
		{5778336E-866A-4D3F-B5B7-5C35B11D034A}.Release|Any CPU.Build.0 = Release|Any CPU
	EndGlobalSection
	GlobalSection(NestedProjects) = preSolution
		{0B731FB9-985C-4965-ADAD-3D0F10FD7C99} = {57E377F4-739D-4EB6-8066-6CDFF27AE0DD}
		{C740DA8C-C82A-4724-AE15-8FE5E4F4415F} = {57E377F4-739D-4EB6-8066-6CDFF27AE0DD}
		{608EDCFC-3EF3-4797-BBFB-1A6363196B51} = {57E377F4-739D-4EB6-8066-6CDFF27AE0DD}
		{C748ABED-ADC3-47E2-A69B-0DEE80D3FE44} = {57E377F4-739D-4EB6-8066-6CDFF27AE0DD}
		{773CEA56-3605-4A5F-B047-6A68B1ADBD48} = {6D4CE622-D299-451B-B401-E03F30313878}
		{3DC787B5-636A-4834-A44C-7651356930E1} = {6D4CE622-D299-451B-B401-E03F30313878}
		{3EBF2B70-AE81-45B4-9C54-7FE39645019B} = {6D4CE622-D299-451B-B401-E03F30313878}
		{5778336E-866A-4D3F-B5B7-5C35B11D034A} = {6D4CE622-D299-451B-B401-E03F30313878}
	EndGlobalSection
EndGlobal
